// !$*UTF8*$!
{
	archiveVersion = 1;
	classes = {
	};
	objectVersion = 46;
	objects = {

/* Begin PBXBuildFile section */
		37A65C5B1514C62300ADEBF3 /* UIKit.framework in Frameworks */ = {isa = PBXBuildFile; fileRef = 37A65C5A1514C62300ADEBF3 /* UIKit.framework */; };
		37A65C5D1514C62300ADEBF3 /* Foundation.framework in Frameworks */ = {isa = PBXBuildFile; fileRef = 37A65C5C1514C62300ADEBF3 /* Foundation.framework */; };
		37A65C5F1514C62300ADEBF3 /* CoreGraphics.framework in Frameworks */ = {isa = PBXBuildFile; fileRef = 37A65C5E1514C62300ADEBF3 /* CoreGraphics.framework */; };
		37A65C651514C62300ADEBF3 /* InfoPlist.strings in Resources */ = {isa = PBXBuildFile; fileRef = 37A65C631514C62300ADEBF3 /* InfoPlist.strings */; };
		37A65C671514C62300ADEBF3 /* main.m in Sources */ = {isa = PBXBuildFile; fileRef = 37A65C661514C62300ADEBF3 /* main.m */; };
		37A65C6B1514C62300ADEBF3 /* March22AppDelegate.m in Sources */ = {isa = PBXBuildFile; fileRef = 37A65C6A1514C62300ADEBF3 /* March22AppDelegate.m */; };
		37A65C731514C71900ADEBF3 /* Fraction.m in Sources */ = {isa = PBXBuildFile; fileRef = 37A65C721514C71900ADEBF3 /* Fraction.m */; };
/* End PBXBuildFile section */

/* Begin PBXFileReference section */
		37A65C561514C62300ADEBF3 /* March22.app */ = {isa = PBXFileReference; explicitFileType = wrapper.application; includeInIndex = 0; path = March22.app; sourceTree = BUILT_PRODUCTS_DIR; };
		37A65C5A1514C62300ADEBF3 /* UIKit.framework */ = {isa = PBXFileReference; lastKnownFileType = wrapper.framework; name = UIKit.framework; path = System/Library/Frameworks/UIKit.framework; sourceTree = SDKROOT; };
		37A65C5C1514C62300ADEBF3 /* Foundation.framework */ = {isa = PBXFileReference; lastKnownFileType = wrapper.framework; name = Foundation.framework; path = System/Library/Frameworks/Foundation.framework; sourceTree = SDKROOT; };
		37A65C5E1514C62300ADEBF3 /* CoreGraphics.framework */ = {isa = PBXFileReference; lastKnownFileType = wrapper.framework; name = CoreGraphics.framework; path = System/Library/Frameworks/CoreGraphics.framework; sourceTree = SDKROOT; };
		37A65C621514C62300ADEBF3 /* March22-Info.plist */ = {isa = PBXFileReference; lastKnownFileType = text.plist.xml; path = "March22-Info.plist"; sourceTree = "<group>"; };
		37A65C641514C62300ADEBF3 /* en */ = {isa = PBXFileReference; lastKnownFileType = text.plist.strings; name = en; path = en.lproj/InfoPlist.strings; sourceTree = "<group>"; };
		37A65C661514C62300ADEBF3 /* main.m */ = {isa = PBXFileReference; lastKnownFileType = sourcecode.c.objc; path = main.m; sourceTree = "<group>"; };
		37A65C681514C62300ADEBF3 /* March22-Prefix.pch */ = {isa = PBXFileReference; lastKnownFileType = sourcecode.c.h; path = "March22-Prefix.pch"; sourceTree = "<group>"; };
		37A65C691514C62300ADEBF3 /* March22AppDelegate.h */ = {isa = PBXFileReference; lastKnownFileType = sourcecode.c.h; path = March22AppDelegate.h; sourceTree = "<group>"; };
		37A65C6A1514C62300ADEBF3 /* March22AppDelegate.m */ = {isa = PBXFileReference; lastKnownFileType = sourcecode.c.objc; path = March22AppDelegate.m; sourceTree = "<group>"; };
		37A65C711514C71900ADEBF3 /* Fraction.h */ = {isa = PBXFileReference; fileEncoding = 4; lastKnownFileType = sourcecode.c.h; path = Fraction.h; sourceTree = "<group>"; };
		37A65C721514C71900ADEBF3 /* Fraction.m */ = {isa = PBXFileReference; fileEncoding = 4; lastKnownFileType = sourcecode.c.objc; path = Fraction.m; sourceTree = "<group>"; };
/* End PBXFileReference section */

/* Begin PBXFrameworksBuildPhase section */
		37A65C531514C62300ADEBF3 /* Frameworks */ = {
			isa = PBXFrameworksBuildPhase;
			buildActionMask = 2147483647;
			files = (
				37A65C5B1514C62300ADEBF3 /* UIKit.framework in Frameworks */,
				37A65C5D1514C62300ADEBF3 /* Foundation.framework in Frameworks */,
				37A65C5F1514C62300ADEBF3 /* CoreGraphics.framework in Frameworks */,
			);
			runOnlyForDeploymentPostprocessing = 0;
		};
/* End PBXFrameworksBuildPhase section */

/* Begin PBXGroup section */
		37A65C4B1514C62300ADEBF3 = {
			isa = PBXGroup;
			children = (
				37A65C601514C62300ADEBF3 /* March22 */,
				37A65C591514C62300ADEBF3 /* Frameworks */,
				37A65C571514C62300ADEBF3 /* Products */,
			);
			sourceTree = "<group>";
		};
		37A65C571514C62300ADEBF3 /* Products */ = {
			isa = PBXGroup;
			children = (
				37A65C561514C62300ADEBF3 /* March22.app */,
			);
			name = Products;
			sourceTree = "<group>";
		};
		37A65C591514C62300ADEBF3 /* Frameworks */ = {
			isa = PBXGroup;
			children = (
				37A65C5A1514C62300ADEBF3 /* UIKit.framework */,
				37A65C5C1514C62300ADEBF3 /* Foundation.framework */,
				37A65C5E1514C62300ADEBF3 /* CoreGraphics.framework */,
			);
			name = Frameworks;
			sourceTree = "<group>";
		};
		37A65C601514C62300ADEBF3 /* March22 */ = {
			isa = PBXGroup;
			children = (
				37A65C691514C62300ADEBF3 /* March22AppDelegate.h */,
				37A65C6A1514C62300ADEBF3 /* March22AppDelegate.m */,
				37A65C611514C62300ADEBF3 /* Supporting Files */,
				37A65C711514C71900ADEBF3 /* Fraction.h */,
				37A65C721514C71900ADEBF3 /* Fraction.m */,
			);
			path = March22;
			sourceTree = "<group>";
		};
		37A65C611514C62300ADEBF3 /* Supporting Files */ = {
			isa = PBXGroup;
			children = (
				37A65C621514C62300ADEBF3 /* March22-Info.plist */,
				37A65C631514C62300ADEBF3 /* InfoPlist.strings */,
				37A65C661514C62300ADEBF3 /* main.m */,
				37A65C681514C62300ADEBF3 /* March22-Prefix.pch */,
			);
			name = "Supporting Files";
			sourceTree = "<group>";
		};
/* End PBXGroup section */

/* Begin PBXNativeTarget section */
		37A65C551514C62300ADEBF3 /* March22 */ = {
			isa = PBXNativeTarget;
			buildConfigurationList = 37A65C6E1514C62300ADEBF3 /* Build configuration list for PBXNativeTarget "March22" */;
			buildPhases = (
				37A65C521514C62300ADEBF3 /* Sources */,
				37A65C531514C62300ADEBF3 /* Frameworks */,
				37A65C541514C62300ADEBF3 /* Resources */,
			);
			buildRules = (
			);
			dependencies = (
			);
			name = March22;
			productName = March22;
			productReference = 37A65C561514C62300ADEBF3 /* March22.app */;
			productType = "com.apple.product-type.application";
		};
/* End PBXNativeTarget section */

/* Begin PBXProject section */
		37A65C4D1514C62300ADEBF3 /* Project object */ = {
			isa = PBXProject;
			attributes = {
				CLASSPREFIX = March22;
				LastUpgradeCheck = 0430;
				ORGANIZATIONNAME = "Walsh walsh Studio";
			};
			buildConfigurationList = 37A65C501514C62300ADEBF3 /* Build configuration list for PBXProject "March22" */;
			compatibilityVersion = "Xcode 3.2";
			developmentRegion = English;
			hasScannedForEncodings = 0;
			knownRegions = (
				en,
			);
			mainGroup = 37A65C4B1514C62300ADEBF3;
			productRefGroup = 37A65C571514C62300ADEBF3 /* Products */;
			projectDirPath = "";
			projectRoot = "";
			targets = (
				37A65C551514C62300ADEBF3 /* March22 */,
			);
		};
/* End PBXProject section */

/* Begin PBXResourcesBuildPhase section */
		37A65C541514C62300ADEBF3 /* Resources */ = {
			isa = PBXResourcesBuildPhase;
			buildActionMask = 2147483647;
			files = (
				37A65C651514C62300ADEBF3 /* InfoPlist.strings in Resources */,
			);
			runOnlyForDeploymentPostprocessing = 0;
		};
/* End PBXResourcesBuildPhase section */

/* Begin PBXSourcesBuildPhase section */
		37A65C521514C62300ADEBF3 /* Sources */ = {
			isa = PBXSourcesBuildPhase;
			buildActionMask = 2147483647;
			files = (
				37A65C671514C62300ADEBF3 /* main.m in Sources */,
				37A65C6B1514C62300ADEBF3 /* March22AppDelegate.m in Sources */,
				37A65C731514C71900ADEBF3 /* Fraction.m in Sources */,
			);
			runOnlyForDeploymentPostprocessing = 0;
		};
/* End PBXSourcesBuildPhase section */

/* Begin PBXVariantGroup section */
		37A65C631514C62300ADEBF3 /* InfoPlist.strings */ = {
			isa = PBXVariantGroup;
			children = (
				37A65C641514C62300ADEBF3 /* en */,
			);
			name = InfoPlist.strings;
			sourceTree = "<group>";
		};
/* End PBXVariantGroup section */

/* Begin XCBuildConfiguration section */
		37A65C6C1514C62300ADEBF3 /* Debug */ = {
			isa = XCBuildConfiguration;
			buildSettings = {
				ALWAYS_SEARCH_USER_PATHS = NO;
				ARCHS = "$(ARCHS_STANDARD_32_BIT)";
				CLANG_ENABLE_OBJC_ARC = YES;
				"CODE_SIGN_IDENTITY[sdk=iphoneos*]" = "iPhone Developer";
				COPY_PHASE_STRIP = NO;
				GCC_C_LANGUAGE_STANDARD = gnu99;
				GCC_DYNAMIC_NO_PIC = NO;
				GCC_OPTIMIZATION_LEVEL = 0;
				GCC_PREPROCESSOR_DEFINITIONS = (
					"DEBUG=1",
					"$(inherited)",
				);
				GCC_SYMBOLS_PRIVATE_EXTERN = NO;
				GCC_VERSION = com.apple.compilers.llvm.clang.1_0;
				GCC_WARN_ABOUT_RETURN_TYPE = YES;
				GCC_WARN_UNINITIALIZED_AUTOS = YES;
				GCC_WARN_UNUSED_VARIABLE = YES;
				IPHONEOS_DEPLOYMENT_TARGET = 5.1;
				SDKROOT = iphoneos;
			};
			name = Debug;
		};
		37A65C6D1514C62300ADEBF3 /* Release */ = {
			isa = XCBuildConfiguration;
			buildSettings = {
				ALWAYS_SEARCH_USER_PATHS = NO;
				ARCHS = "$(ARCHS_STANDARD_32_BIT)";
				CLANG_ENABLE_OBJC_ARC = YES;
				"CODE_SIGN_IDENTITY[sdk=iphoneos*]" = "iPhone Developer";
				COPY_PHASE_STRIP = YES;
				GCC_C_LANGUAGE_STANDARD = gnu99;
				GCC_VERSION = com.apple.compilers.llvm.clang.1_0;
				GCC_WARN_ABOUT_RETURN_TYPE = YES;
				GCC_WARN_UNINITIALIZED_AUTOS = YES;
				GCC_WARN_UNUSED_VARIABLE = YES;
				IPHONEOS_DEPLOYMENT_TARGET = 5.1;
				OTHER_CFLAGS = "-DNS_BLOCK_ASSERTIONS=1";
				SDKROOT = iphoneos;
				VALIDATE_PRODUCT = YES;
			};
			name = Release;
		};
		37A65C6F1514C62300ADEBF3 /* Debug */ = {
			isa = XCBuildConfiguration;
			buildSettings = {
				GCC_PRECOMPILE_PREFIX_HEADER = YES;
				GCC_PREFIX_HEADER = "March22/March22-Prefix.pch";
				INFOPLIST_FILE = "March22/March22-Info.plist";
				PRODUCT_NAME = "$(TARGET_NAME)";
				WRAPPER_EXTENSION = app;
			};
			name = Debug;
		};
		37A65C701514C62300ADEBF3 /* Release */ = {
			isa = XCBuildConfiguration;
			buildSettings = {
				GCC_PRECOMPILE_PREFIX_HEADER = YES;
				GCC_PREFIX_HEADER = "March22/March22-Prefix.pch";
				INFOPLIST_FILE = "March22/March22-Info.plist";
				PRODUCT_NAME = "$(TARGET_NAME)";
				WRAPPER_EXTENSION = app;
			};
			name = Release;
		};
/* End XCBuildConfiguration section */

/* Begin XCConfigurationList section */
		37A65C501514C62300ADEBF3 /* Build configuration list for PBXProject "March22" */ = {
			isa = XCConfigurationList;
			buildConfigurations = (
				37A65C6C1514C62300ADEBF3 /* Debug */,
				37A65C6D1514C62300ADEBF3 /* Release */,
			);
			defaultConfigurationIsVisible = 0;
			defaultConfigurationName = Release;
		};
		37A65C6E1514C62300ADEBF3 /* Build configuration list for PBXNativeTarget "March22" */ = {
			isa = XCConfigurationList;
			buildConfigurations = (
				37A65C6F1514C62300ADEBF3 /* Debug */,
				37A65C701514C62300ADEBF3 /* Release */,
			);
			defaultConfigurationIsVisible = 0;
		};
/* End XCConfigurationList section */
	};
	rootObject = 37A65C4D1514C62300ADEBF3 /* Project object */;
}
